
Microsoft Visual Studio Solution File, Format Version 12.00
# Visual Studio Version 17
VisualStudioVersion = 17.5.001.0
MinimumVisualStudioVersion = 10.0.40219.1
Project("{9A19103F-16F7-4668-BE54-9A1E7A4F7556}") = "Vinterprojekt", "Vinterprojekt.csproj", "{AFAA18DF-C1D8-4339-80B4-F8EECB315614}"
EndProject
Global
	GlobalSection(SolutionConfigurationPlatforms) = preSolution
		Debug|Any CPU = Debug|Any CPU
		Release|Any CPU = Release|Any CPU
	EndGlobalSection
	GlobalSection(ProjectConfigurationPlatforms) = postSolution
		{AFAA18DF-C1D8-4339-80B4-F8EECB315614}.Debug|Any CPU.ActiveCfg = Debug|Any CPU
		{AFAA18DF-C1D8-4339-80B4-F8EECB315614}.Debug|Any CPU.Build.0 = Debug|Any CPU
		{AFAA18DF-C1D8-4339-80B4-F8EECB315614}.Release|Any CPU.ActiveCfg = Release|Any CPU
		{AFAA18DF-C1D8-4339-80B4-F8EECB315614}.Release|Any CPU.Build.0 = Release|Any CPU
	EndGlobalSection
	GlobalSection(SolutionProperties) = preSolution
		HideSolutionNode = FALSE
	EndGlobalSection
	GlobalSection(ExtensibilityGlobals) = postSolution
		SolutionGuid = {7B0BDC31-ECC1-4563-91C9-863E1BF0DE5E}
	EndGlobalSection
EndGlobal
